// !$*UTF8*$!
{
	archiveVersion = 1;
	classes = {
	};
	objectVersion = 46;
	objects = {

/* Begin PBXBuildFile section */
		A61A10F81D8C60FD0061F4F9 /* AppDelegate.swift in Sources */ = {isa = PBXBuildFile; fileRef = A61A10F71D8C60FD0061F4F9 /* AppDelegate.swift */; };
		A61A11001D8C60FD0061F4F9 /* FacebookMessenger.xcdatamodeld in Sources */ = {isa = PBXBuildFile; fileRef = A61A10FE1D8C60FD0061F4F9 /* FacebookMessenger.xcdatamodeld */; };
		A61A11021D8C60FD0061F4F9 /* Assets.xcassets in Resources */ = {isa = PBXBuildFile; fileRef = A61A11011D8C60FD0061F4F9 /* Assets.xcassets */; };
		A61A11051D8C60FD0061F4F9 /* LaunchScreen.storyboard in Resources */ = {isa = PBXBuildFile; fileRef = A61A11031D8C60FD0061F4F9 /* LaunchScreen.storyboard */; };
		A61A11101D8C60FD0061F4F9 /* FacebookMessengerTests.swift in Sources */ = {isa = PBXBuildFile; fileRef = A61A110F1D8C60FD0061F4F9 /* FacebookMessengerTests.swift */; };
		A61A111B1D8C60FD0061F4F9 /* FacebookMessengerUITests.swift in Sources */ = {isa = PBXBuildFile; fileRef = A61A111A1D8C60FD0061F4F9 /* FacebookMessengerUITests.swift */; };
		A65A2E8C1D8DA82C002B4804 /* ChatLogController.swift in Sources */ = {isa = PBXBuildFile; fileRef = A65A2E8B1D8DA82C002B4804 /* ChatLogController.swift */; };
		A65A2E8E1D8DC746002B4804 /* ChatLogCell.swift in Sources */ = {isa = PBXBuildFile; fileRef = A65A2E8D1D8DC746002B4804 /* ChatLogCell.swift */; };
		A65A2E901D8DE485002B4804 /* FacebookTabBarViewController.swift in Sources */ = {isa = PBXBuildFile; fileRef = A65A2E8F1D8DE485002B4804 /* FacebookTabBarViewController.swift */; };
		A65A2E931D8DEF58002B4804 /* DataManager.swift in Sources */ = {isa = PBXBuildFile; fileRef = A65A2E921D8DEF58002B4804 /* DataManager.swift */; };
		A6C2288B1D8F17D00021922B /* Message+CoreDataProperties.swift in Sources */ = {isa = PBXBuildFile; fileRef = A6C2288A1D8F17D00021922B /* Message+CoreDataProperties.swift */; };
		A6CFA79B1D8C94C000910516 /* MessageCell.swift in Sources */ = {isa = PBXBuildFile; fileRef = A6CFA7971D8C94C000910516 /* MessageCell.swift */; };
		A6CFA79C1D8C94C000910516 /* FriendsViewController.swift in Sources */ = {isa = PBXBuildFile; fileRef = A6CFA79A1D8C94C000910516 /* FriendsViewController.swift */; };
		A6CFA7A31D8C950C00910516 /* Extensions.swift in Sources */ = {isa = PBXBuildFile; fileRef = A6CFA7A21D8C950C00910516 /* Extensions.swift */; };
		A6CFA7BC1D8CB92B00910516 /* Friend+CoreDataClass.swift in Sources */ = {isa = PBXBuildFile; fileRef = A6CFA7B81D8CB92B00910516 /* Friend+CoreDataClass.swift */; };
		A6CFA7BD1D8CB92B00910516 /* Friend+CoreDataProperties.swift in Sources */ = {isa = PBXBuildFile; fileRef = A6CFA7B91D8CB92B00910516 /* Friend+CoreDataProperties.swift */; };
		A6CFA7BE1D8CB92B00910516 /* Message+CoreDataClass.swift in Sources */ = {isa = PBXBuildFile; fileRef = A6CFA7BA1D8CB92B00910516 /* Message+CoreDataClass.swift */; };
/* End PBXBuildFile section */

/* Begin PBXContainerItemProxy section */
		A61A110C1D8C60FD0061F4F9 /* PBXContainerItemProxy */ = {
			isa = PBXContainerItemProxy;
			containerPortal = A61A10EC1D8C60FD0061F4F9 /* Project object */;
			proxyType = 1;
			remoteGlobalIDString = A61A10F31D8C60FD0061F4F9;
			remoteInfo = FacebookMessenger;
		};
		A61A11171D8C60FD0061F4F9 /* PBXContainerItemProxy */ = {
			isa = PBXContainerItemProxy;
			containerPortal = A61A10EC1D8C60FD0061F4F9 /* Project object */;
			proxyType = 1;
			remoteGlobalIDString = A61A10F31D8C60FD0061F4F9;
			remoteInfo = FacebookMessenger;
		};
/* End PBXContainerItemProxy section */

/* Begin PBXFileReference section */
		A61A10F41D8C60FD0061F4F9 /* FacebookMessenger.app */ = {isa = PBXFileReference; explicitFileType = wrapper.application; includeInIndex = 0; path = FacebookMessenger.app; sourceTree = BUILT_PRODUCTS_DIR; };
		A61A10F71D8C60FD0061F4F9 /* AppDelegate.swift */ = {isa = PBXFileReference; lastKnownFileType = sourcecode.swift; path = AppDelegate.swift; sourceTree = "<group>"; };
		A61A10FF1D8C60FD0061F4F9 /* FacebookMessenger.xcdatamodel */ = {isa = PBXFileReference; lastKnownFileType = wrapper.xcdatamodel; path = FacebookMessenger.xcdatamodel; sourceTree = "<group>"; };
		A61A11011D8C60FD0061F4F9 /* Assets.xcassets */ = {isa = PBXFileReference; lastKnownFileType = folder.assetcatalog; path = Assets.xcassets; sourceTree = "<group>"; };
		A61A11041D8C60FD0061F4F9 /* Base */ = {isa = PBXFileReference; lastKnownFileType = file.storyboard; name = Base; path = Base.lproj/LaunchScreen.storyboard; sourceTree = "<group>"; };
		A61A11061D8C60FD0061F4F9 /* Info.plist */ = {isa = PBXFileReference; lastKnownFileType = text.plist.xml; path = Info.plist; sourceTree = "<group>"; };
		A61A110B1D8C60FD0061F4F9 /* FacebookMessengerTests.xctest */ = {isa = PBXFileReference; explicitFileType = wrapper.cfbundle; includeInIndex = 0; path = FacebookMessengerTests.xctest; sourceTree = BUILT_PRODUCTS_DIR; };
		A61A110F1D8C60FD0061F4F9 /* FacebookMessengerTests.swift */ = {isa = PBXFileReference; lastKnownFileType = sourcecode.swift; path = FacebookMessengerTests.swift; sourceTree = "<group>"; };
		A61A11111D8C60FD0061F4F9 /* Info.plist */ = {isa = PBXFileReference; lastKnownFileType = text.plist.xml; path = Info.plist; sourceTree = "<group>"; };
		A61A11161D8C60FD0061F4F9 /* FacebookMessengerUITests.xctest */ = {isa = PBXFileReference; explicitFileType = wrapper.cfbundle; includeInIndex = 0; path = FacebookMessengerUITests.xctest; sourceTree = BUILT_PRODUCTS_DIR; };
		A61A111A1D8C60FD0061F4F9 /* FacebookMessengerUITests.swift */ = {isa = PBXFileReference; lastKnownFileType = sourcecode.swift; path = FacebookMessengerUITests.swift; sourceTree = "<group>"; };
		A61A111C1D8C60FD0061F4F9 /* Info.plist */ = {isa = PBXFileReference; lastKnownFileType = text.plist.xml; path = Info.plist; sourceTree = "<group>"; };
		A65A2E8B1D8DA82C002B4804 /* ChatLogController.swift */ = {isa = PBXFileReference; fileEncoding = 4; lastKnownFileType = sourcecode.swift; path = ChatLogController.swift; sourceTree = "<group>"; };
		A65A2E8D1D8DC746002B4804 /* ChatLogCell.swift */ = {isa = PBXFileReference; fileEncoding = 4; lastKnownFileType = sourcecode.swift; path = ChatLogCell.swift; sourceTree = "<group>"; };
		A65A2E8F1D8DE485002B4804 /* FacebookTabBarViewController.swift */ = {isa = PBXFileReference; fileEncoding = 4; lastKnownFileType = sourcecode.swift; path = FacebookTabBarViewController.swift; sourceTree = "<group>"; };
		A65A2E921D8DEF58002B4804 /* DataManager.swift */ = {isa = PBXFileReference; fileEncoding = 4; lastKnownFileType = sourcecode.swift; path = DataManager.swift; sourceTree = "<group>"; };
		A6C2288A1D8F17D00021922B /* Message+CoreDataProperties.swift */ = {isa = PBXFileReference; fileEncoding = 4; lastKnownFileType = sourcecode.swift; path = "Message+CoreDataProperties.swift"; sourceTree = "<group>"; };
		A6CFA7971D8C94C000910516 /* MessageCell.swift */ = {isa = PBXFileReference; fileEncoding = 4; lastKnownFileType = sourcecode.swift; path = MessageCell.swift; sourceTree = "<group>"; };
		A6CFA79A1D8C94C000910516 /* FriendsViewController.swift */ = {isa = PBXFileReference; fileEncoding = 4; lastKnownFileType = sourcecode.swift; path = FriendsViewController.swift; sourceTree = "<group>"; };
		A6CFA7A21D8C950C00910516 /* Extensions.swift */ = {isa = PBXFileReference; fileEncoding = 4; lastKnownFileType = sourcecode.swift; path = Extensions.swift; sourceTree = "<group>"; };
		A6CFA7B81D8CB92B00910516 /* Friend+CoreDataClass.swift */ = {isa = PBXFileReference; fileEncoding = 4; lastKnownFileType = sourcecode.swift; path = "Friend+CoreDataClass.swift"; sourceTree = "<group>"; };
		A6CFA7B91D8CB92B00910516 /* Friend+CoreDataProperties.swift */ = {isa = PBXFileReference; fileEncoding = 4; lastKnownFileType = sourcecode.swift; path = "Friend+CoreDataProperties.swift"; sourceTree = "<group>"; };
		A6CFA7BA1D8CB92B00910516 /* Message+CoreDataClass.swift */ = {isa = PBXFileReference; fileEncoding = 4; lastKnownFileType = sourcecode.swift; path = "Message+CoreDataClass.swift"; sourceTree = "<group>"; };
/* End PBXFileReference section */

/* Begin PBXFrameworksBuildPhase section */
		A61A10F11D8C60FD0061F4F9 /* Frameworks */ = {
			isa = PBXFrameworksBuildPhase;
			buildActionMask = 2147483647;
			files = (
			);
			runOnlyForDeploymentPostprocessing = 0;
		};
		A61A11081D8C60FD0061F4F9 /* Frameworks */ = {
			isa = PBXFrameworksBuildPhase;
			buildActionMask = 2147483647;
			files = (
			);
			runOnlyForDeploymentPostprocessing = 0;
		};
		A61A11131D8C60FD0061F4F9 /* Frameworks */ = {
			isa = PBXFrameworksBuildPhase;
			buildActionMask = 2147483647;
			files = (
			);
			runOnlyForDeploymentPostprocessing = 0;
		};
/* End PBXFrameworksBuildPhase section */

/* Begin PBXGroup section */
		A61A10EB1D8C60FD0061F4F9 = {
			isa = PBXGroup;
			children = (
				A61A10F61D8C60FD0061F4F9 /* FacebookMessenger */,
				A61A110E1D8C60FD0061F4F9 /* FacebookMessengerTests */,
				A61A11191D8C60FD0061F4F9 /* FacebookMessengerUITests */,
				A61A10F51D8C60FD0061F4F9 /* Products */,
			);
			sourceTree = "<group>";
		};
		A61A10F51D8C60FD0061F4F9 /* Products */ = {
			isa = PBXGroup;
			children = (
				A61A10F41D8C60FD0061F4F9 /* FacebookMessenger.app */,
				A61A110B1D8C60FD0061F4F9 /* FacebookMessengerTests.xctest */,
				A61A11161D8C60FD0061F4F9 /* FacebookMessengerUITests.xctest */,
			);
			name = Products;
			sourceTree = "<group>";
		};
		A61A10F61D8C60FD0061F4F9 /* FacebookMessenger */ = {
			isa = PBXGroup;
			children = (
				A65A2E911D8DEF50002B4804 /* DataManager */,
				A6CFA7981D8C94C000910516 /* Models */,
				A6CFA7961D8C94C000910516 /* Cells */,
				A6CFA7991D8C94C000910516 /* ViewControllers */,
				A6CFA7A11D8C950500910516 /* Extensions */,
				A61A11281D8C610B0061F4F9 /* Supporting Files */,
			);
			path = FacebookMessenger;
			sourceTree = "<group>";
		};
		A61A110E1D8C60FD0061F4F9 /* FacebookMessengerTests */ = {
			isa = PBXGroup;
			children = (
				A61A110F1D8C60FD0061F4F9 /* FacebookMessengerTests.swift */,
				A61A11111D8C60FD0061F4F9 /* Info.plist */,
			);
			path = FacebookMessengerTests;
			sourceTree = "<group>";
		};
		A61A11191D8C60FD0061F4F9 /* FacebookMessengerUITests */ = {
			isa = PBXGroup;
			children = (
				A61A111A1D8C60FD0061F4F9 /* FacebookMessengerUITests.swift */,
				A61A111C1D8C60FD0061F4F9 /* Info.plist */,
			);
			path = FacebookMessengerUITests;
			sourceTree = "<group>";
		};
		A61A11281D8C610B0061F4F9 /* Supporting Files */ = {
			isa = PBXGroup;
			children = (
				A61A10F71D8C60FD0061F4F9 /* AppDelegate.swift */,
				A61A11011D8C60FD0061F4F9 /* Assets.xcassets */,
				A61A11031D8C60FD0061F4F9 /* LaunchScreen.storyboard */,
				A61A11061D8C60FD0061F4F9 /* Info.plist */,
				A61A10FE1D8C60FD0061F4F9 /* FacebookMessenger.xcdatamodeld */,
			);
			name = "Supporting Files";
			sourceTree = "<group>";
		};
		A65A2E911D8DEF50002B4804 /* DataManager */ = {
			isa = PBXGroup;
			children = (
				A65A2E921D8DEF58002B4804 /* DataManager.swift */,
			);
			path = DataManager;
			sourceTree = "<group>";
		};
		A6CFA7961D8C94C000910516 /* Cells */ = {
			isa = PBXGroup;
			children = (
				A6CFA7971D8C94C000910516 /* MessageCell.swift */,
				A65A2E8D1D8DC746002B4804 /* ChatLogCell.swift */,
			);
			path = Cells;
			sourceTree = "<group>";
		};
		A6CFA7981D8C94C000910516 /* Models */ = {
			isa = PBXGroup;
			children = (
				A6C2288A1D8F17D00021922B /* Message+CoreDataProperties.swift */,
				A6CFA7B81D8CB92B00910516 /* Friend+CoreDataClass.swift */,
				A6CFA7B91D8CB92B00910516 /* Friend+CoreDataProperties.swift */,
				A6CFA7BA1D8CB92B00910516 /* Message+CoreDataClass.swift */,
			);
			path = Models;
			sourceTree = "<group>";
		};
		A6CFA7991D8C94C000910516 /* ViewControllers */ = {
			isa = PBXGroup;
			children = (
				A6CFA79A1D8C94C000910516 /* FriendsViewController.swift */,
				A65A2E8B1D8DA82C002B4804 /* ChatLogController.swift */,
				A65A2E8F1D8DE485002B4804 /* FacebookTabBarViewController.swift */,
			);
			path = ViewControllers;
			sourceTree = "<group>";
		};
		A6CFA7A11D8C950500910516 /* Extensions */ = {
			isa = PBXGroup;
			children = (
				A6CFA7A21D8C950C00910516 /* Extensions.swift */,
			);
			path = Extensions;
			sourceTree = "<group>";
		};
/* End PBXGroup section */

/* Begin PBXNativeTarget section */
		A61A10F31D8C60FD0061F4F9 /* FacebookMessenger */ = {
			isa = PBXNativeTarget;
			buildConfigurationList = A61A111F1D8C60FD0061F4F9 /* Build configuration list for PBXNativeTarget "FacebookMessenger" */;
			buildPhases = (
				A61A10F01D8C60FD0061F4F9 /* Sources */,
				A61A10F11D8C60FD0061F4F9 /* Frameworks */,
				A61A10F21D8C60FD0061F4F9 /* Resources */,
			);
			buildRules = (
			);
			dependencies = (
			);
			name = FacebookMessenger;
			productName = FacebookMessenger;
			productReference = A61A10F41D8C60FD0061F4F9 /* FacebookMessenger.app */;
			productType = "com.apple.product-type.application";
		};
		A61A110A1D8C60FD0061F4F9 /* FacebookMessengerTests */ = {
			isa = PBXNativeTarget;
			buildConfigurationList = A61A11221D8C60FD0061F4F9 /* Build configuration list for PBXNativeTarget "FacebookMessengerTests" */;
			buildPhases = (
				A61A11071D8C60FD0061F4F9 /* Sources */,
				A61A11081D8C60FD0061F4F9 /* Frameworks */,
				A61A11091D8C60FD0061F4F9 /* Resources */,
			);
			buildRules = (
			);
			dependencies = (
				A61A110D1D8C60FD0061F4F9 /* PBXTargetDependency */,
			);
			name = FacebookMessengerTests;
			productName = FacebookMessengerTests;
			productReference = A61A110B1D8C60FD0061F4F9 /* FacebookMessengerTests.xctest */;
			productType = "com.apple.product-type.bundle.unit-test";
		};
		A61A11151D8C60FD0061F4F9 /* FacebookMessengerUITests */ = {
			isa = PBXNativeTarget;
			buildConfigurationList = A61A11251D8C60FD0061F4F9 /* Build configuration list for PBXNativeTarget "FacebookMessengerUITests" */;
			buildPhases = (
				A61A11121D8C60FD0061F4F9 /* Sources */,
				A61A11131D8C60FD0061F4F9 /* Frameworks */,
				A61A11141D8C60FD0061F4F9 /* Resources */,
			);
			buildRules = (
			);
			dependencies = (
				A61A11181D8C60FD0061F4F9 /* PBXTargetDependency */,
			);
			name = FacebookMessengerUITests;
			productName = FacebookMessengerUITests;
			productReference = A61A11161D8C60FD0061F4F9 /* FacebookMessengerUITests.xctest */;
			productType = "com.apple.product-type.bundle.ui-testing";
		};
/* End PBXNativeTarget section */

/* Begin PBXProject section */
		A61A10EC1D8C60FD0061F4F9 /* Project object */ = {
			isa = PBXProject;
			attributes = {
				LastSwiftUpdateCheck = 0800;
				LastUpgradeCheck = 0800;
				ORGANIZATIONNAME = "Sharma, Piyush";
				TargetAttributes = {
					A61A10F31D8C60FD0061F4F9 = {
						CreatedOnToolsVersion = 8.0;
						ProvisioningStyle = Automatic;
					};
					A61A110A1D8C60FD0061F4F9 = {
						CreatedOnToolsVersion = 8.0;
						ProvisioningStyle = Automatic;
						TestTargetID = A61A10F31D8C60FD0061F4F9;
					};
					A61A11151D8C60FD0061F4F9 = {
						CreatedOnToolsVersion = 8.0;
						ProvisioningStyle = Automatic;
						TestTargetID = A61A10F31D8C60FD0061F4F9;
					};
				};
			};
			buildConfigurationList = A61A10EF1D8C60FD0061F4F9 /* Build configuration list for PBXProject "FacebookMessenger" */;
			compatibilityVersion = "Xcode 3.2";
			developmentRegion = English;
			hasScannedForEncodings = 0;
			knownRegions = (
				en,
				Base,
			);
			mainGroup = A61A10EB1D8C60FD0061F4F9;
			productRefGroup = A61A10F51D8C60FD0061F4F9 /* Products */;
			projectDirPath = "";
			projectRoot = "";
			targets = (
				A61A10F31D8C60FD0061F4F9 /* FacebookMessenger */,
				A61A110A1D8C60FD0061F4F9 /* FacebookMessengerTests */,
				A61A11151D8C60FD0061F4F9 /* FacebookMessengerUITests */,
			);
		};
/* End PBXProject section */

/* Begin PBXResourcesBuildPhase section */
		A61A10F21D8C60FD0061F4F9 /* Resources */ = {
			isa = PBXResourcesBuildPhase;
			buildActionMask = 2147483647;
			files = (
				A61A11051D8C60FD0061F4F9 /* LaunchScreen.storyboard in Resources */,
				A61A11021D8C60FD0061F4F9 /* Assets.xcassets in Resources */,
			);
			runOnlyForDeploymentPostprocessing = 0;
		};
		A61A11091D8C60FD0061F4F9 /* Resources */ = {
			isa = PBXResourcesBuildPhase;
			buildActionMask = 2147483647;
			files = (
			);
			runOnlyForDeploymentPostprocessing = 0;
		};
		A61A11141D8C60FD0061F4F9 /* Resources */ = {
			isa = PBXResourcesBuildPhase;
			buildActionMask = 2147483647;
			files = (
			);
			runOnlyForDeploymentPostprocessing = 0;
		};
/* End PBXResourcesBuildPhase section */

/* Begin PBXSourcesBuildPhase section */
		A61A10F01D8C60FD0061F4F9 /* Sources */ = {
			isa = PBXSourcesBuildPhase;
			buildActionMask = 2147483647;
			files = (
				A65A2E8C1D8DA82C002B4804 /* ChatLogController.swift in Sources */,
				A6CFA79C1D8C94C000910516 /* FriendsViewController.swift in Sources */,
				A6CFA7BC1D8CB92B00910516 /* Friend+CoreDataClass.swift in Sources */,
				A61A10F81D8C60FD0061F4F9 /* AppDelegate.swift in Sources */,
				A61A11001D8C60FD0061F4F9 /* FacebookMessenger.xcdatamodeld in Sources */,
				A6CFA79B1D8C94C000910516 /* MessageCell.swift in Sources */,
				A6C2288B1D8F17D00021922B /* Message+CoreDataProperties.swift in Sources */,
				A65A2E8E1D8DC746002B4804 /* ChatLogCell.swift in Sources */,
				A6CFA7A31D8C950C00910516 /* Extensions.swift in Sources */,
				A6CFA7BD1D8CB92B00910516 /* Friend+CoreDataProperties.swift in Sources */,
				A65A2E901D8DE485002B4804 /* FacebookTabBarViewController.swift in Sources */,
				A65A2E931D8DEF58002B4804 /* DataManager.swift in Sources */,
				A6CFA7BE1D8CB92B00910516 /* Message+CoreDataClass.swift in Sources */,
			);
			runOnlyForDeploymentPostprocessing = 0;
		};
		A61A11071D8C60FD0061F4F9 /* Sources */ = {
			isa = PBXSourcesBuildPhase;
			buildActionMask = 2147483647;
			files = (
				A61A11101D8C60FD0061F4F9 /* FacebookMessengerTests.swift in Sources */,
			);
			runOnlyForDeploymentPostprocessing = 0;
		};
		A61A11121D8C60FD0061F4F9 /* Sources */ = {
			isa = PBXSourcesBuildPhase;
			buildActionMask = 2147483647;
			files = (
				A61A111B1D8C60FD0061F4F9 /* FacebookMessengerUITests.swift in Sources */,
			);
			runOnlyForDeploymentPostprocessing = 0;
		};
/* End PBXSourcesBuildPhase section */

/* Begin PBXTargetDependency section */
		A61A110D1D8C60FD0061F4F9 /* PBXTargetDependency */ = {
			isa = PBXTargetDependency;
			target = A61A10F31D8C60FD0061F4F9 /* FacebookMessenger */;
			targetProxy = A61A110C1D8C60FD0061F4F9 /* PBXContainerItemProxy */;
		};
		A61A11181D8C60FD0061F4F9 /* PBXTargetDependency */ = {
			isa = PBXTargetDependency;
			target = A61A10F31D8C60FD0061F4F9 /* FacebookMessenger */;
			targetProxy = A61A11171D8C60FD0061F4F9 /* PBXContainerItemProxy */;
		};
/* End PBXTargetDependency section */

/* Begin PBXVariantGroup section */
		A61A11031D8C60FD0061F4F9 /* LaunchScreen.storyboard */ = {
			isa = PBXVariantGroup;
			children = (
				A61A11041D8C60FD0061F4F9 /* Base */,
			);
			name = LaunchScreen.storyboard;
			sourceTree = "<group>";
		};
/* End PBXVariantGroup section */

/* Begin XCBuildConfiguration section */
		A61A111D1D8C60FD0061F4F9 /* Debug */ = {
			isa = XCBuildConfiguration;
			buildSettings = {
				ALWAYS_SEARCH_USER_PATHS = NO;
				CLANG_ANALYZER_NONNULL = YES;
				CLANG_CXX_LANGUAGE_STANDARD = "gnu++0x";
				CLANG_CXX_LIBRARY = "libc++";
				CLANG_ENABLE_MODULES = YES;
				CLANG_ENABLE_OBJC_ARC = YES;
				CLANG_WARN_BOOL_CONVERSION = YES;
				CLANG_WARN_CONSTANT_CONVERSION = YES;
				CLANG_WARN_DIRECT_OBJC_ISA_USAGE = YES_ERROR;
				CLANG_WARN_DOCUMENTATION_COMMENTS = YES;
				CLANG_WARN_EMPTY_BODY = YES;
				CLANG_WARN_ENUM_CONVERSION = YES;
				CLANG_WARN_INFINITE_RECURSION = YES;
				CLANG_WARN_INT_CONVERSION = YES;
				CLANG_WARN_OBJC_ROOT_CLASS = YES_ERROR;
				CLANG_WARN_SUSPICIOUS_MOVES = YES;
				CLANG_WARN_UNREACHABLE_CODE = YES;
				CLANG_WARN__DUPLICATE_METHOD_MATCH = YES;
				"CODE_SIGN_IDENTITY[sdk=iphoneos*]" = "iPhone Developer";
				COPY_PHASE_STRIP = NO;
				DEBUG_INFORMATION_FORMAT = dwarf;
				ENABLE_STRICT_OBJC_MSGSEND = YES;
				ENABLE_TESTABILITY = YES;
				GCC_C_LANGUAGE_STANDARD = gnu99;
				GCC_DYNAMIC_NO_PIC = NO;
				GCC_NO_COMMON_BLOCKS = YES;
				GCC_OPTIMIZATION_LEVEL = 0;
				GCC_PREPROCESSOR_DEFINITIONS = (
					"DEBUG=1",
					"$(inherited)",
				);
				GCC_WARN_64_TO_32_BIT_CONVERSION = YES;
				GCC_WARN_ABOUT_RETURN_TYPE = YES_ERROR;
				GCC_WARN_UNDECLARED_SELECTOR = YES;
				GCC_WARN_UNINITIALIZED_AUTOS = YES_AGGRESSIVE;
				GCC_WARN_UNUSED_FUNCTION = YES;
				GCC_WARN_UNUSED_VARIABLE = YES;
				IPHONEOS_DEPLOYMENT_TARGET = 10.0;
				MTL_ENABLE_DEBUG_INFO = YES;
				ONLY_ACTIVE_ARCH = YES;
				SDKROOT = iphoneos;
				SWIFT_ACTIVE_COMPILATION_CONDITIONS = DEBUG;
				SWIFT_OPTIMIZATION_LEVEL = "-Onone";
				TARGETED_DEVICE_FAMILY = "1,2";
			};
			name = Debug;
		};
		A61A111E1D8C60FD0061F4F9 /* Release */ = {
			isa = XCBuildConfiguration;
			buildSettings = {
				ALWAYS_SEARCH_USER_PATHS = NO;
				CLANG_ANALYZER_NONNULL = YES;
				CLANG_CXX_LANGUAGE_STANDARD = "gnu++0x";
				CLANG_CXX_LIBRARY = "libc++";
				CLANG_ENABLE_MODULES = YES;
				CLANG_ENABLE_OBJC_ARC = YES;
				CLANG_WARN_BOOL_CONVERSION = YES;
				CLANG_WARN_CONSTANT_CONVERSION = YES;
				CLANG_WARN_DIRECT_OBJC_ISA_USAGE = YES_ERROR;
				CLANG_WARN_DOCUMENTATION_COMMENTS = YES;
				CLANG_WARN_EMPTY_BODY = YES;
				CLANG_WARN_ENUM_CONVERSION = YES;
				CLANG_WARN_INFINITE_RECURSION = YES;
				CLANG_WARN_INT_CONVERSION = YES;
				CLANG_WARN_OBJC_ROOT_CLASS = YES_ERROR;
				CLANG_WARN_SUSPICIOUS_MOVES = YES;
				CLANG_WARN_UNREACHABLE_CODE = YES;
				CLANG_WARN__DUPLICATE_METHOD_MATCH = YES;
				"CODE_SIGN_IDENTITY[sdk=iphoneos*]" = "iPhone Developer";
				COPY_PHASE_STRIP = NO;
				DEBUG_INFORMATION_FORMAT = "dwarf-with-dsym";
				ENABLE_NS_ASSERTIONS = NO;
				ENABLE_STRICT_OBJC_MSGSEND = YES;
				GCC_C_LANGUAGE_STANDARD = gnu99;
				GCC_NO_COMMON_BLOCKS = YES;
				GCC_WARN_64_TO_32_BIT_CONVERSION = YES;
				GCC_WARN_ABOUT_RETURN_TYPE = YES_ERROR;
				GCC_WARN_UNDECLARED_SELECTOR = YES;
				GCC_WARN_UNINITIALIZED_AUTOS = YES_AGGRESSIVE;
				GCC_WARN_UNUSED_FUNCTION = YES;
				GCC_WARN_UNUSED_VARIABLE = YES;
				IPHONEOS_DEPLOYMENT_TARGET = 10.0;
				MTL_ENABLE_DEBUG_INFO = NO;
				SDKROOT = iphoneos;
				SWIFT_OPTIMIZATION_LEVEL = "-Owholemodule";
				TARGETED_DEVICE_FAMILY = "1,2";
				VALIDATE_PRODUCT = YES;
			};
			name = Release;
		};
		A61A11201D8C60FD0061F4F9 /* Debug */ = {
			isa = XCBuildConfiguration;
			buildSettings = {
				ASSETCATALOG_COMPILER_APPICON_NAME = AppIcon;
				INFOPLIST_FILE = FacebookMessenger/Info.plist;
				LD_RUNPATH_SEARCH_PATHS = "$(inherited) @executable_path/Frameworks";
				PRODUCT_BUNDLE_IDENTIFIER = com.piyush.FacebookMessenger;
				PRODUCT_NAME = "$(TARGET_NAME)";
				SWIFT_VERSION = 3.0;
			};
			name = Debug;
		};
		A61A11211D8C60FD0061F4F9 /* Release */ = {
			isa = XCBuildConfiguration;
			buildSettings = {
				ASSETCATALOG_COMPILER_APPICON_NAME = AppIcon;
				INFOPLIST_FILE = FacebookMessenger/Info.plist;
				LD_RUNPATH_SEARCH_PATHS = "$(inherited) @executable_path/Frameworks";
				PRODUCT_BUNDLE_IDENTIFIER = com.piyush.FacebookMessenger;
				PRODUCT_NAME = "$(TARGET_NAME)";
				SWIFT_VERSION = 3.0;
			};
			name = Release;
		};
		A61A11231D8C60FD0061F4F9 /* Debug */ = {
			isa = XCBuildConfiguration;
			buildSettings = {
				ALWAYS_EMBED_SWIFT_STANDARD_LIBRARIES = YES;
				BUNDLE_LOADER = "$(TEST_HOST)";
				INFOPLIST_FILE = FacebookMessengerTests/Info.plist;
				LD_RUNPATH_SEARCH_PATHS = "$(inherited) @executable_path/Frameworks @loader_path/Frameworks";
				PRODUCT_BUNDLE_IDENTIFIER = com.piyush.FacebookMessengerTests;
				PRODUCT_NAME = "$(TARGET_NAME)";
				SWIFT_VERSION = 3.0;
				TEST_HOST = "$(BUILT_PRODUCTS_DIR)/FacebookMessenger.app/FacebookMessenger";
			};
			name = Debug;
		};
		A61A11241D8C60FD0061F4F9 /* Release */ = {
			isa = XCBuildConfiguration;
			buildSettings = {
				ALWAYS_EMBED_SWIFT_STANDARD_LIBRARIES = YES;
				BUNDLE_LOADER = "$(TEST_HOST)";
				INFOPLIST_FILE = FacebookMessengerTests/Info.plist;
				LD_RUNPATH_SEARCH_PATHS = "$(inherited) @executable_path/Frameworks @loader_path/Frameworks";
				PRODUCT_BUNDLE_IDENTIFIER = com.piyush.FacebookMessengerTests;
				PRODUCT_NAME = "$(TARGET_NAME)";
				SWIFT_VERSION = 3.0;
				TEST_HOST = "$(BUILT_PRODUCTS_DIR)/FacebookMessenger.app/FacebookMessenger";
			};
			name = Release;
		};
		A61A11261D8C60FD0061F4F9 /* Debug */ = {
			isa = XCBuildConfiguration;
			buildSettings = {
				ALWAYS_EMBED_SWIFT_STANDARD_LIBRARIES = YES;
				INFOPLIST_FILE = FacebookMessengerUITests/Info.plist;
				LD_RUNPATH_SEARCH_PATHS = "$(inherited) @executable_path/Frameworks @loader_path/Frameworks";
				PRODUCT_BUNDLE_IDENTIFIER = com.piyush.FacebookMessengerUITests;
				PRODUCT_NAME = "$(TARGET_NAME)";
				SWIFT_VERSION = 3.0;
				TEST_TARGET_NAME = FacebookMessenger;
			};
			name = Debug;
		};
		A61A11271D8C60FD0061F4F9 /* Release */ = {
			isa = XCBuildConfiguration;
			buildSettings = {
				ALWAYS_EMBED_SWIFT_STANDARD_LIBRARIES = YES;
				INFOPLIST_FILE = FacebookMessengerUITests/Info.plist;
				LD_RUNPATH_SEARCH_PATHS = "$(inherited) @executable_path/Frameworks @loader_path/Frameworks";
				PRODUCT_BUNDLE_IDENTIFIER = com.piyush.FacebookMessengerUITests;
				PRODUCT_NAME = "$(TARGET_NAME)";
				SWIFT_VERSION = 3.0;
				TEST_TARGET_NAME = FacebookMessenger;
			};
			name = Release;
		};
/* End XCBuildConfiguration section */

/* Begin XCConfigurationList section */
		A61A10EF1D8C60FD0061F4F9 /* Build configuration list for PBXProject "FacebookMessenger" */ = {
			isa = XCConfigurationList;
			buildConfigurations = (
				A61A111D1D8C60FD0061F4F9 /* Debug */,
				A61A111E1D8C60FD0061F4F9 /* Release */,
			);
			defaultConfigurationIsVisible = 0;
			defaultConfigurationName = Release;
		};
		A61A111F1D8C60FD0061F4F9 /* Build configuration list for PBXNativeTarget "FacebookMessenger" */ = {
			isa = XCConfigurationList;
			buildConfigurations = (
				A61A11201D8C60FD0061F4F9 /* Debug */,
				A61A11211D8C60FD0061F4F9 /* Release */,
			);
			defaultConfigurationIsVisible = 0;
			defaultConfigurationName = Release;
		};
		A61A11221D8C60FD0061F4F9 /* Build configuration list for PBXNativeTarget "FacebookMessengerTests" */ = {
			isa = XCConfigurationList;
			buildConfigurations = (
				A61A11231D8C60FD0061F4F9 /* Debug */,
				A61A11241D8C60FD0061F4F9 /* Release */,
			);
			defaultConfigurationIsVisible = 0;
			defaultConfigurationName = Release;
		};
		A61A11251D8C60FD0061F4F9 /* Build configuration list for PBXNativeTarget "FacebookMessengerUITests" */ = {
			isa = XCConfigurationList;
			buildConfigurations = (
				A61A11261D8C60FD0061F4F9 /* Debug */,
				A61A11271D8C60FD0061F4F9 /* Release */,
			);
			defaultConfigurationIsVisible = 0;
			defaultConfigurationName = Release;
		};
/* End XCConfigurationList section */

/* Begin XCVersionGroup section */
		A61A10FE1D8C60FD0061F4F9 /* FacebookMessenger.xcdatamodeld */ = {
			isa = XCVersionGroup;
			children = (
				A61A10FF1D8C60FD0061F4F9 /* FacebookMessenger.xcdatamodel */,
			);
			currentVersion = A61A10FF1D8C60FD0061F4F9 /* FacebookMessenger.xcdatamodel */;
			path = FacebookMessenger.xcdatamodeld;
			sourceTree = "<group>";
			versionGroupType = wrapper.xcdatamodel;
		};
/* End XCVersionGroup section */
	};
	rootObject = A61A10EC1D8C60FD0061F4F9 /* Project object */;
}
